
Microsoft Visual Studio Solution File, Format Version 12.00
# Visual Studio Version 16
VisualStudioVersion = 16.0.30907.101
MinimumVisualStudioVersion = 10.0.40219.1
Project("{9A19103F-16F7-4668-BE54-9A1E7A4F7556}") = "KampIntro", "KampIntro\KampIntro.csproj", "{990AD0E9-EB49-46A2-A54D-B3B9356BEFAD}"
EndProject
Project("{9A19103F-16F7-4668-BE54-9A1E7A4F7556}") = "Donguler", "Donguler\Donguler.csproj", "{6BF0DD3B-46C3-46A4-B1D5-06E28DE35DFC}"
EndProject
Project("{9A19103F-16F7-4668-BE54-9A1E7A4F7556}") = "ClassIntro", "ClassIntro\ClassIntro.csproj", "{913344BE-E334-4075-9EAC-8D50A5044715}"
EndProject
Project("{9A19103F-16F7-4668-BE54-9A1E7A4F7556}") = "Metotlar", "Metotlar\Metotlar.csproj", "{60E89A8A-ED25-422D-8712-B7E8B1C275B1}"
EndProject
Project("{9A19103F-16F7-4668-BE54-9A1E7A4F7556}") = "Matematik", "Matematik\Matematik.csproj", "{B61D6E5B-F30C-4557-AC51-BA153AFBD4BC}"
EndProject
Project("{9A19103F-16F7-4668-BE54-9A1E7A4F7556}") = "DegerVeReferansTipler", "DegerVeReferansTipler\DegerVeReferansTipler.csproj", "{A1505C77-18E0-4D4C-B4BB-96CA0A3C3A08}"
EndProject
Project("{FAE04EC0-301F-11D3-BF4B-00C04F79EFBC}") = "ClassDeneme", "ClassMetotDemo\ClassDeneme.csproj", "{4C3E3FA4-718F-4C50-ACA2-23974E013FD5}"
EndProject
Project("{FAE04EC0-301F-11D3-BF4B-00C04F79EFBC}") = "ClassMetotDemo", "ClassMetotDemo\ClassMetotDemo.csproj", "{8B1737DC-E1E7-4D33-B459-23095948CB82}"
EndProject
Global
	GlobalSection(SolutionConfigurationPlatforms) = preSolution
		Debug|Any CPU = Debug|Any CPU
		Release|Any CPU = Release|Any CPU
	EndGlobalSection
	GlobalSection(ProjectConfigurationPlatforms) = postSolution
		{990AD0E9-EB49-46A2-A54D-B3B9356BEFAD}.Debug|Any CPU.ActiveCfg = Debug|Any CPU
		{990AD0E9-EB49-46A2-A54D-B3B9356BEFAD}.Debug|Any CPU.Build.0 = Debug|Any CPU
		{990AD0E9-EB49-46A2-A54D-B3B9356BEFAD}.Release|Any CPU.ActiveCfg = Release|Any CPU
		{990AD0E9-EB49-46A2-A54D-B3B9356BEFAD}.Release|Any CPU.Build.0 = Release|Any CPU
		{6BF0DD3B-46C3-46A4-B1D5-06E28DE35DFC}.Debug|Any CPU.ActiveCfg = Debug|Any CPU
		{6BF0DD3B-46C3-46A4-B1D5-06E28DE35DFC}.Debug|Any CPU.Build.0 = Debug|Any CPU
		{6BF0DD3B-46C3-46A4-B1D5-06E28DE35DFC}.Release|Any CPU.ActiveCfg = Release|Any CPU
		{6BF0DD3B-46C3-46A4-B1D5-06E28DE35DFC}.Release|Any CPU.Build.0 = Release|Any CPU
		{913344BE-E334-4075-9EAC-8D50A5044715}.Debug|Any CPU.ActiveCfg = Debug|Any CPU
		{913344BE-E334-4075-9EAC-8D50A5044715}.Debug|Any CPU.Build.0 = Debug|Any CPU
		{913344BE-E334-4075-9EAC-8D50A5044715}.Release|Any CPU.ActiveCfg = Release|Any CPU
		{913344BE-E334-4075-9EAC-8D50A5044715}.Release|Any CPU.Build.0 = Release|Any CPU
		{60E89A8A-ED25-422D-8712-B7E8B1C275B1}.Debug|Any CPU.ActiveCfg = Debug|Any CPU
		{60E89A8A-ED25-422D-8712-B7E8B1C275B1}.Debug|Any CPU.Build.0 = Debug|Any CPU
		{60E89A8A-ED25-422D-8712-B7E8B1C275B1}.Release|Any CPU.ActiveCfg = Release|Any CPU
		{60E89A8A-ED25-422D-8712-B7E8B1C275B1}.Release|Any CPU.Build.0 = Release|Any CPU
		{B61D6E5B-F30C-4557-AC51-BA153AFBD4BC}.Debug|Any CPU.ActiveCfg = Debug|Any CPU
		{B61D6E5B-F30C-4557-AC51-BA153AFBD4BC}.Debug|Any CPU.Build.0 = Debug|Any CPU
		{B61D6E5B-F30C-4557-AC51-BA153AFBD4BC}.Release|Any CPU.ActiveCfg = Release|Any CPU
		{B61D6E5B-F30C-4557-AC51-BA153AFBD4BC}.Release|Any CPU.Build.0 = Release|Any CPU
		{A1505C77-18E0-4D4C-B4BB-96CA0A3C3A08}.Debug|Any CPU.ActiveCfg = Debug|Any CPU
		{A1505C77-18E0-4D4C-B4BB-96CA0A3C3A08}.Debug|Any CPU.Build.0 = Debug|Any CPU
		{A1505C77-18E0-4D4C-B4BB-96CA0A3C3A08}.Release|Any CPU.ActiveCfg = Release|Any CPU
		{A1505C77-18E0-4D4C-B4BB-96CA0A3C3A08}.Release|Any CPU.Build.0 = Release|Any CPU
		{4C3E3FA4-718F-4C50-ACA2-23974E013FD5}.Debug|Any CPU.ActiveCfg = Debug|Any CPU
		{4C3E3FA4-718F-4C50-ACA2-23974E013FD5}.Debug|Any CPU.Build.0 = Debug|Any CPU
		{4C3E3FA4-718F-4C50-ACA2-23974E013FD5}.Release|Any CPU.ActiveCfg = Release|Any CPU
		{4C3E3FA4-718F-4C50-ACA2-23974E013FD5}.Release|Any CPU.Build.0 = Release|Any CPU
		{8B1737DC-E1E7-4D33-B459-23095948CB82}.Debug|Any CPU.ActiveCfg = Debug|Any CPU
		{8B1737DC-E1E7-4D33-B459-23095948CB82}.Debug|Any CPU.Build.0 = Debug|Any CPU
		{8B1737DC-E1E7-4D33-B459-23095948CB82}.Release|Any CPU.ActiveCfg = Release|Any CPU
		{8B1737DC-E1E7-4D33-B459-23095948CB82}.Release|Any CPU.Build.0 = Release|Any CPU
	EndGlobalSection
	GlobalSection(SolutionProperties) = preSolution
		HideSolutionNode = FALSE
	EndGlobalSection
	GlobalSection(ExtensibilityGlobals) = postSolution
		SolutionGuid = {B235E8BF-57E3-4B6A-9C8C-BF452037E613}
	EndGlobalSection
EndGlobal
